
Microsoft Visual Studio Solution File, Format Version 12.00
# Visual Studio 15
VisualStudioVersion = 15.0.27703.2035
MinimumVisualStudioVersion = 10.0.40219.1
Project("{FAE04EC0-301F-11D3-BF4B-00C04F79EFBC}") = "EJ03_WindowsForm", "EJ03_WindowsForm\EJ03_WindowsForm.csproj", "{1B1704B5-BD55-4A55-8C76-49B9A36CC279}"
EndProject
Project("{FAE04EC0-301F-11D3-BF4B-00C04F79EFBC}") = "EJ03_WF.Integration.Test", "EJ03_WF.Integration.Test\EJ03_WF.Integration.Test.csproj", "{D38C3964-85B6-4DB7-B26D-FF1FC8472421}"
EndProject
Project("{FAE04EC0-301F-11D3-BF4B-00C04F79EFBC}") = "EJ03_WF.Unit.Test", "EJ03_WF.Unit.Test\EJ03_WF.Unit.Test.csproj", "{122F0B35-841E-4016-8869-AD5E5D128DCC}"
EndProject
Global
	GlobalSection(SolutionConfigurationPlatforms) = preSolution
		Debug|Any CPU = Debug|Any CPU
		Release|Any CPU = Release|Any CPU
	EndGlobalSection
	GlobalSection(ProjectConfigurationPlatforms) = postSolution
		{1B1704B5-BD55-4A55-8C76-49B9A36CC279}.Debug|Any CPU.ActiveCfg = Debug|Any CPU
		{1B1704B5-BD55-4A55-8C76-49B9A36CC279}.Debug|Any CPU.Build.0 = Debug|Any CPU
		{1B1704B5-BD55-4A55-8C76-49B9A36CC279}.Release|Any CPU.ActiveCfg = Release|Any CPU
		{1B1704B5-BD55-4A55-8C76-49B9A36CC279}.Release|Any CPU.Build.0 = Release|Any CPU
		{D38C3964-85B6-4DB7-B26D-FF1FC8472421}.Debug|Any CPU.ActiveCfg = Debug|Any CPU
		{D38C3964-85B6-4DB7-B26D-FF1FC8472421}.Debug|Any CPU.Build.0 = Debug|Any CPU
		{D38C3964-85B6-4DB7-B26D-FF1FC8472421}.Release|Any CPU.ActiveCfg = Release|Any CPU
		{D38C3964-85B6-4DB7-B26D-FF1FC8472421}.Release|Any CPU.Build.0 = Release|Any CPU
		{122F0B35-841E-4016-8869-AD5E5D128DCC}.Debug|Any CPU.ActiveCfg = Debug|Any CPU
		{122F0B35-841E-4016-8869-AD5E5D128DCC}.Debug|Any CPU.Build.0 = Debug|Any CPU
		{122F0B35-841E-4016-8869-AD5E5D128DCC}.Release|Any CPU.ActiveCfg = Release|Any CPU
		{122F0B35-841E-4016-8869-AD5E5D128DCC}.Release|Any CPU.Build.0 = Release|Any CPU
	EndGlobalSection
	GlobalSection(SolutionProperties) = preSolution
		HideSolutionNode = FALSE
	EndGlobalSection
	GlobalSection(ExtensibilityGlobals) = postSolution
		SolutionGuid = {410B795C-231E-4001-9D60-41BA53C6F2E9}
	EndGlobalSection
EndGlobal
